// !$*UTF8*$!
{
	archiveVersion = 1;
	classes = {
	};
	objectVersion = 46;
	objects = {

/* Begin PBXBuildFile section */
		3207469819C2064E0083C9FB /* main.m in Sources */ = {isa = PBXBuildFile; fileRef = 3207469719C2064E0083C9FB /* main.m */; };
		3207469B19C2064E0083C9FB /* AppDelegate.m in Sources */ = {isa = PBXBuildFile; fileRef = 3207469A19C2064E0083C9FB /* AppDelegate.m */; };
		3207469E19C2064F0083C9FB /* ViewController.m in Sources */ = {isa = PBXBuildFile; fileRef = 3207469D19C2064F0083C9FB /* ViewController.m */; };
		320746A119C2064F0083C9FB /* Main.storyboard in Resources */ = {isa = PBXBuildFile; fileRef = 3207469F19C2064F0083C9FB /* Main.storyboard */; };
		320746A319C206500083C9FB /* Images.xcassets in Resources */ = {isa = PBXBuildFile; fileRef = 320746A219C206500083C9FB /* Images.xcassets */; };
		320746A619C206540083C9FB /* LaunchScreen.xib in Resources */ = {isa = PBXBuildFile; fileRef = 320746A419C206540083C9FB /* LaunchScreen.xib */; };
		320746B219C206590083C9FB /* GitUseExampleTests.m in Sources */ = {isa = PBXBuildFile; fileRef = 320746B119C206590083C9FB /* GitUseExampleTests.m */; };
		320746C219C209F50083C9FB /* MapForItenerary.m in Sources */ = {isa = PBXBuildFile; fileRef = 320746C119C209F50083C9FB /* MapForItenerary.m */; };
/* End PBXBuildFile section */

/* Begin PBXContainerItemProxy section */
		320746AC19C206590083C9FB /* PBXContainerItemProxy */ = {
			isa = PBXContainerItemProxy;
			containerPortal = 3207468A19C2064B0083C9FB /* Project object */;
			proxyType = 1;
			remoteGlobalIDString = 3207469119C2064C0083C9FB;
			remoteInfo = GitUseExample;
		};
/* End PBXContainerItemProxy section */

/* Begin PBXFileReference section */
		3207469219C2064D0083C9FB /* GitUseExample.app */ = {isa = PBXFileReference; explicitFileType = wrapper.application; includeInIndex = 0; path = GitUseExample.app; sourceTree = BUILT_PRODUCTS_DIR; };
		3207469619C2064E0083C9FB /* Info.plist */ = {isa = PBXFileReference; lastKnownFileType = text.plist.xml; path = Info.plist; sourceTree = "<group>"; };
		3207469719C2064E0083C9FB /* main.m */ = {isa = PBXFileReference; lastKnownFileType = sourcecode.c.objc; path = main.m; sourceTree = "<group>"; };
		3207469919C2064E0083C9FB /* AppDelegate.h */ = {isa = PBXFileReference; lastKnownFileType = sourcecode.c.h; path = AppDelegate.h; sourceTree = "<group>"; };
		3207469A19C2064E0083C9FB /* AppDelegate.m */ = {isa = PBXFileReference; lastKnownFileType = sourcecode.c.objc; path = AppDelegate.m; sourceTree = "<group>"; };
		3207469C19C2064E0083C9FB /* ViewController.h */ = {isa = PBXFileReference; lastKnownFileType = sourcecode.c.h; path = ViewController.h; sourceTree = "<group>"; };
		3207469D19C2064F0083C9FB /* ViewController.m */ = {isa = PBXFileReference; lastKnownFileType = sourcecode.c.objc; path = ViewController.m; sourceTree = "<group>"; };
		320746A019C2064F0083C9FB /* Base */ = {isa = PBXFileReference; lastKnownFileType = file.storyboard; name = Base; path = Base.lproj/Main.storyboard; sourceTree = "<group>"; };
		320746A219C206500083C9FB /* Images.xcassets */ = {isa = PBXFileReference; lastKnownFileType = folder.assetcatalog; path = Images.xcassets; sourceTree = "<group>"; };
		320746A519C206540083C9FB /* Base */ = {isa = PBXFileReference; lastKnownFileType = file.xib; name = Base; path = Base.lproj/LaunchScreen.xib; sourceTree = "<group>"; };
		320746AB19C206590083C9FB /* GitUseExampleTests.xctest */ = {isa = PBXFileReference; explicitFileType = wrapper.cfbundle; includeInIndex = 0; path = GitUseExampleTests.xctest; sourceTree = BUILT_PRODUCTS_DIR; };
		320746B019C206590083C9FB /* Info.plist */ = {isa = PBXFileReference; lastKnownFileType = text.plist.xml; path = Info.plist; sourceTree = "<group>"; };
		320746B119C206590083C9FB /* GitUseExampleTests.m */ = {isa = PBXFileReference; lastKnownFileType = sourcecode.c.objc; path = GitUseExampleTests.m; sourceTree = "<group>"; };
		320746C019C209F50083C9FB /* MapForItenerary.h */ = {isa = PBXFileReference; fileEncoding = 4; lastKnownFileType = sourcecode.c.h; path = MapForItenerary.h; sourceTree = "<group>"; };
		320746C119C209F50083C9FB /* MapForItenerary.m */ = {isa = PBXFileReference; fileEncoding = 4; lastKnownFileType = sourcecode.c.objc; path = MapForItenerary.m; sourceTree = "<group>"; };
/* End PBXFileReference section */

/* Begin PBXFrameworksBuildPhase section */
		3207468F19C2064C0083C9FB /* Frameworks */ = {
			isa = PBXFrameworksBuildPhase;
			buildActionMask = 2147483647;
			files = (
			);
			runOnlyForDeploymentPostprocessing = 0;
		};
		320746A819C206590083C9FB /* Frameworks */ = {
			isa = PBXFrameworksBuildPhase;
			buildActionMask = 2147483647;
			files = (
			);
			runOnlyForDeploymentPostprocessing = 0;
		};
/* End PBXFrameworksBuildPhase section */

/* Begin PBXGroup section */
		3207468919C2064A0083C9FB = {
			isa = PBXGroup;
			children = (
				3207469419C2064D0083C9FB /* GitUseExample */,
				320746AE19C206590083C9FB /* GitUseExampleTests */,
				3207469319C2064D0083C9FB /* Products */,
			);
			sourceTree = "<group>";
		};
		3207469319C2064D0083C9FB /* Products */ = {
			isa = PBXGroup;
			children = (
				3207469219C2064D0083C9FB /* GitUseExample.app */,
				320746AB19C206590083C9FB /* GitUseExampleTests.xctest */,
			);
			name = Products;
			sourceTree = "<group>";
		};
		3207469419C2064D0083C9FB /* GitUseExample */ = {
			isa = PBXGroup;
			children = (
				3207469919C2064E0083C9FB /* AppDelegate.h */,
				3207469A19C2064E0083C9FB /* AppDelegate.m */,
				3207469C19C2064E0083C9FB /* ViewController.h */,
				3207469D19C2064F0083C9FB /* ViewController.m */,
				3207469F19C2064F0083C9FB /* Main.storyboard */,
				320746A219C206500083C9FB /* Images.xcassets */,
				320746A419C206540083C9FB /* LaunchScreen.xib */,
				3207469519C2064D0083C9FB /* Supporting Files */,
				320746C019C209F50083C9FB /* MapForItenerary.h */,
				320746C119C209F50083C9FB /* MapForItenerary.m */,
			);
			path = GitUseExample;
			sourceTree = "<group>";
		};
		3207469519C2064D0083C9FB /* Supporting Files */ = {
			isa = PBXGroup;
			children = (
				3207469619C2064E0083C9FB /* Info.plist */,
				3207469719C2064E0083C9FB /* main.m */,
			);
			name = "Supporting Files";
			sourceTree = "<group>";
		};
		320746AE19C206590083C9FB /* GitUseExampleTests */ = {
			isa = PBXGroup;
			children = (
				320746B119C206590083C9FB /* GitUseExampleTests.m */,
				320746AF19C206590083C9FB /* Supporting Files */,
			);
			path = GitUseExampleTests;
			sourceTree = "<group>";
		};
		320746AF19C206590083C9FB /* Supporting Files */ = {
			isa = PBXGroup;
			children = (
				320746B019C206590083C9FB /* Info.plist */,
			);
			name = "Supporting Files";
			sourceTree = "<group>";
		};
/* End PBXGroup section */

/* Begin PBXNativeTarget section */
		3207469119C2064C0083C9FB /* GitUseExample */ = {
			isa = PBXNativeTarget;
			buildConfigurationList = 320746B519C206590083C9FB /* Build configuration list for PBXNativeTarget "GitUseExample" */;
			buildPhases = (
				3207468E19C2064C0083C9FB /* Sources */,
				3207468F19C2064C0083C9FB /* Frameworks */,
				3207469019C2064C0083C9FB /* Resources */,
			);
			buildRules = (
			);
			dependencies = (
			);
			name = GitUseExample;
			productName = GitUseExample;
			productReference = 3207469219C2064D0083C9FB /* GitUseExample.app */;
			productType = "com.apple.product-type.application";
		};
		320746AA19C206590083C9FB /* GitUseExampleTests */ = {
			isa = PBXNativeTarget;
			buildConfigurationList = 320746B819C206590083C9FB /* Build configuration list for PBXNativeTarget "GitUseExampleTests" */;
			buildPhases = (
				320746A719C206590083C9FB /* Sources */,
				320746A819C206590083C9FB /* Frameworks */,
				320746A919C206590083C9FB /* Resources */,
			);
			buildRules = (
			);
			dependencies = (
				320746AD19C206590083C9FB /* PBXTargetDependency */,
			);
			name = GitUseExampleTests;
			productName = GitUseExampleTests;
			productReference = 320746AB19C206590083C9FB /* GitUseExampleTests.xctest */;
			productType = "com.apple.product-type.bundle.unit-test";
		};
/* End PBXNativeTarget section */

/* Begin PBXProject section */
		3207468A19C2064B0083C9FB /* Project object */ = {
			isa = PBXProject;
			attributes = {
				LastUpgradeCheck = 0600;
				ORGANIZATIONNAME = "Wan Muzaffar Wan Hashim";
				TargetAttributes = {
					3207469119C2064C0083C9FB = {
						CreatedOnToolsVersion = 6.0;
					};
					320746AA19C206590083C9FB = {
						CreatedOnToolsVersion = 6.0;
						TestTargetID = 3207469119C2064C0083C9FB;
					};
				};
			};
			buildConfigurationList = 3207468D19C2064B0083C9FB /* Build configuration list for PBXProject "GitUseExample" */;
			compatibilityVersion = "Xcode 3.2";
			developmentRegion = English;
			hasScannedForEncodings = 0;
			knownRegions = (
				en,
				Base,
			);
			mainGroup = 3207468919C2064A0083C9FB;
			productRefGroup = 3207469319C2064D0083C9FB /* Products */;
			projectDirPath = "";
			projectRoot = "";
			targets = (
				3207469119C2064C0083C9FB /* GitUseExample */,
				320746AA19C206590083C9FB /* GitUseExampleTests */,
			);
		};
/* End PBXProject section */

/* Begin PBXResourcesBuildPhase section */
		3207469019C2064C0083C9FB /* Resources */ = {
			isa = PBXResourcesBuildPhase;
			buildActionMask = 2147483647;
			files = (
				320746A119C2064F0083C9FB /* Main.storyboard in Resources */,
				320746A619C206540083C9FB /* LaunchScreen.xib in Resources */,
				320746A319C206500083C9FB /* Images.xcassets in Resources */,
			);
			runOnlyForDeploymentPostprocessing = 0;
		};
		320746A919C206590083C9FB /* Resources */ = {
			isa = PBXResourcesBuildPhase;
			buildActionMask = 2147483647;
			files = (
			);
			runOnlyForDeploymentPostprocessing = 0;
		};
/* End PBXResourcesBuildPhase section */

/* Begin PBXSourcesBuildPhase section */
		3207468E19C2064C0083C9FB /* Sources */ = {
			isa = PBXSourcesBuildPhase;
			buildActionMask = 2147483647;
			files = (
				320746C219C209F50083C9FB /* MapForItenerary.m in Sources */,
				3207469E19C2064F0083C9FB /* ViewController.m in Sources */,
				3207469B19C2064E0083C9FB /* AppDelegate.m in Sources */,
				3207469819C2064E0083C9FB /* main.m in Sources */,
			);
			runOnlyForDeploymentPostprocessing = 0;
		};
		320746A719C206590083C9FB /* Sources */ = {
			isa = PBXSourcesBuildPhase;
			buildActionMask = 2147483647;
			files = (
				320746B219C206590083C9FB /* GitUseExampleTests.m in Sources */,
			);
			runOnlyForDeploymentPostprocessing = 0;
		};
/* End PBXSourcesBuildPhase section */

/* Begin PBXTargetDependency section */
		320746AD19C206590083C9FB /* PBXTargetDependency */ = {
			isa = PBXTargetDependency;
			target = 3207469119C2064C0083C9FB /* GitUseExample */;
			targetProxy = 320746AC19C206590083C9FB /* PBXContainerItemProxy */;
		};
/* End PBXTargetDependency section */

/* Begin PBXVariantGroup section */
		3207469F19C2064F0083C9FB /* Main.storyboard */ = {
			isa = PBXVariantGroup;
			children = (
				320746A019C2064F0083C9FB /* Base */,
			);
			name = Main.storyboard;
			sourceTree = "<group>";
		};
		320746A419C206540083C9FB /* LaunchScreen.xib */ = {
			isa = PBXVariantGroup;
			children = (
				320746A519C206540083C9FB /* Base */,
			);
			name = LaunchScreen.xib;
			sourceTree = "<group>";
		};
/* End PBXVariantGroup section */

/* Begin XCBuildConfiguration section */
		320746B319C206590083C9FB /* Debug */ = {
			isa = XCBuildConfiguration;
			buildSettings = {
				ALWAYS_SEARCH_USER_PATHS = NO;
				CLANG_CXX_LANGUAGE_STANDARD = "gnu++0x";
				CLANG_CXX_LIBRARY = "libc++";
				CLANG_ENABLE_MODULES = YES;
				CLANG_ENABLE_OBJC_ARC = YES;
				CLANG_WARN_BOOL_CONVERSION = YES;
				CLANG_WARN_CONSTANT_CONVERSION = YES;
				CLANG_WARN_DIRECT_OBJC_ISA_USAGE = YES_ERROR;
				CLANG_WARN_EMPTY_BODY = YES;
				CLANG_WARN_ENUM_CONVERSION = YES;
				CLANG_WARN_INT_CONVERSION = YES;
				CLANG_WARN_OBJC_ROOT_CLASS = YES_ERROR;
				CLANG_WARN_UNREACHABLE_CODE = YES;
				CLANG_WARN__DUPLICATE_METHOD_MATCH = YES;
				"CODE_SIGN_IDENTITY[sdk=iphoneos*]" = "iPhone Developer";
				COPY_PHASE_STRIP = NO;
				ENABLE_STRICT_OBJC_MSGSEND = YES;
				GCC_C_LANGUAGE_STANDARD = gnu99;
				GCC_DYNAMIC_NO_PIC = NO;
				GCC_OPTIMIZATION_LEVEL = 0;
				GCC_PREPROCESSOR_DEFINITIONS = (
					"DEBUG=1",
					"$(inherited)",
				);
				GCC_SYMBOLS_PRIVATE_EXTERN = NO;
				GCC_WARN_64_TO_32_BIT_CONVERSION = YES;
				GCC_WARN_ABOUT_RETURN_TYPE = YES_ERROR;
				GCC_WARN_UNDECLARED_SELECTOR = YES;
				GCC_WARN_UNINITIALIZED_AUTOS = YES_AGGRESSIVE;
				GCC_WARN_UNUSED_FUNCTION = YES;
				GCC_WARN_UNUSED_VARIABLE = YES;
				IPHONEOS_DEPLOYMENT_TARGET = 8.0;
				MTL_ENABLE_DEBUG_INFO = YES;
				ONLY_ACTIVE_ARCH = YES;
				SDKROOT = iphoneos;
			};
			name = Debug;
		};
		320746B419C206590083C9FB /* Release */ = {
			isa = XCBuildConfiguration;
			buildSettings = {
				ALWAYS_SEARCH_USER_PATHS = NO;
				CLANG_CXX_LANGUAGE_STANDARD = "gnu++0x";
				CLANG_CXX_LIBRARY = "libc++";
				CLANG_ENABLE_MODULES = YES;
				CLANG_ENABLE_OBJC_ARC = YES;
				CLANG_WARN_BOOL_CONVERSION = YES;
				CLANG_WARN_CONSTANT_CONVERSION = YES;
				CLANG_WARN_DIRECT_OBJC_ISA_USAGE = YES_ERROR;
				CLANG_WARN_EMPTY_BODY = YES;
				CLANG_WARN_ENUM_CONVERSION = YES;
				CLANG_WARN_INT_CONVERSION = YES;
				CLANG_WARN_OBJC_ROOT_CLASS = YES_ERROR;
				CLANG_WARN_UNREACHABLE_CODE = YES;
				CLANG_WARN__DUPLICATE_METHOD_MATCH = YES;
				"CODE_SIGN_IDENTITY[sdk=iphoneos*]" = "iPhone Developer";
				COPY_PHASE_STRIP = YES;
				ENABLE_NS_ASSERTIONS = NO;
				ENABLE_STRICT_OBJC_MSGSEND = YES;
				GCC_C_LANGUAGE_STANDARD = gnu99;
				GCC_WARN_64_TO_32_BIT_CONVERSION = YES;
				GCC_WARN_ABOUT_RETURN_TYPE = YES_ERROR;
				GCC_WARN_UNDECLARED_SELECTOR = YES;
				GCC_WARN_UNINITIALIZED_AUTOS = YES_AGGRESSIVE;
				GCC_WARN_UNUSED_FUNCTION = YES;
				GCC_WARN_UNUSED_VARIABLE = YES;
				IPHONEOS_DEPLOYMENT_TARGET = 8.0;
				MTL_ENABLE_DEBUG_INFO = NO;
				SDKROOT = iphoneos;
				VALIDATE_PRODUCT = YES;
			};
			name = Release;
		};
		320746B619C206590083C9FB /* Debug */ = {
			isa = XCBuildConfiguration;
			buildSettings = {
				ASSETCATALOG_COMPILER_APPICON_NAME = AppIcon;
				INFOPLIST_FILE = GitUseExample/Info.plist;
				IPHONEOS_DEPLOYMENT_TARGET = 7.0;
				LD_RUNPATH_SEARCH_PATHS = "$(inherited) @executable_path/Frameworks";
				PRODUCT_NAME = "$(TARGET_NAME)";
			};
			name = Debug;
		};
		320746B719C206590083C9FB /* Release */ = {
			isa = XCBuildConfiguration;
			buildSettings = {
				ASSETCATALOG_COMPILER_APPICON_NAME = AppIcon;
				INFOPLIST_FILE = GitUseExample/Info.plist;
				IPHONEOS_DEPLOYMENT_TARGET = 7.0;
				LD_RUNPATH_SEARCH_PATHS = "$(inherited) @executable_path/Frameworks";
				PRODUCT_NAME = "$(TARGET_NAME)";
			};
			name = Release;
		};
		320746B919C206590083C9FB /* Debug */ = {
			isa = XCBuildConfiguration;
			buildSettings = {
				BUNDLE_LOADER = "$(TEST_HOST)";
				FRAMEWORK_SEARCH_PATHS = (
					"$(SDKROOT)/Developer/Library/Frameworks",
					"$(inherited)",
				);
				GCC_PREPROCESSOR_DEFINITIONS = (
					"DEBUG=1",
					"$(inherited)",
				);
				INFOPLIST_FILE = GitUseExampleTests/Info.plist;
				LD_RUNPATH_SEARCH_PATHS = "$(inherited) @executable_path/Frameworks @loader_path/Frameworks";
				PRODUCT_NAME = "$(TARGET_NAME)";
				TEST_HOST = "$(BUILT_PRODUCTS_DIR)/GitUseExample.app/GitUseExample";
			};
			name = Debug;
		};
		320746BA19C206590083C9FB /* Release */ = {
			isa = XCBuildConfiguration;
			buildSettings = {
				BUNDLE_LOADER = "$(TEST_HOST)";
				FRAMEWORK_SEARCH_PATHS = (
					"$(SDKROOT)/Developer/Library/Frameworks",
					"$(inherited)",
				);
				INFOPLIST_FILE = GitUseExampleTests/Info.plist;
				LD_RUNPATH_SEARCH_PATHS = "$(inherited) @executable_path/Frameworks @loader_path/Frameworks";
				PRODUCT_NAME = "$(TARGET_NAME)";
				TEST_HOST = "$(BUILT_PRODUCTS_DIR)/GitUseExample.app/GitUseExample";
			};
			name = Release;
		};
/* End XCBuildConfiguration section */

/* Begin XCConfigurationList section */
		3207468D19C2064B0083C9FB /* Build configuration list for PBXProject "GitUseExample" */ = {
			isa = XCConfigurationList;
			buildConfigurations = (
				320746B319C206590083C9FB /* Debug */,
				320746B419C206590083C9FB /* Release */,
			);
			defaultConfigurationIsVisible = 0;
			defaultConfigurationName = Release;
		};
		320746B519C206590083C9FB /* Build configuration list for PBXNativeTarget "GitUseExample" */ = {
			isa = XCConfigurationList;
			buildConfigurations = (
				320746B619C206590083C9FB /* Debug */,
				320746B719C206590083C9FB /* Release */,
			);
			defaultConfigurationIsVisible = 0;
			defaultConfigurationName = Release;
		};
		320746B819C206590083C9FB /* Build configuration list for PBXNativeTarget "GitUseExampleTests" */ = {
			isa = XCConfigurationList;
			buildConfigurations = (
				320746B919C206590083C9FB /* Debug */,
				320746BA19C206590083C9FB /* Release */,
			);
			defaultConfigurationIsVisible = 0;
			defaultConfigurationName = Release;
		};
/* End XCConfigurationList section */
	};
	rootObject = 3207468A19C2064B0083C9FB /* Project object */;
}
